<?xml version="1.0" encoding="utf-8"?>
<Project ToolsVersion="4.0" xmlns="http://schemas.microsoft.com/developer/msbuild/2003">
  <ItemGroup>
    <Filter Include="Source Files">
      <UniqueIdentifier>{1a800399-71d6-4cb8-87c5-e1a620c8fdcc}</UniqueIdentifier>
      <Extensions>cpp;c;cxx;rc;def;r;odl;idl;hpj;bat</Extensions>
    </Filter>
    <Filter Include="Header Files">
      <UniqueIdentifier>{067f12d1-e823-46b0-b6f2-2726d6b258a3}</UniqueIdentifier>
      <Extensions>h;hpp;hxx;hm;inl</Extensions>
    </Filter>
    <Filter Include="Resource Files">
      <UniqueIdentifier>{764aaa4e-0fe9-4a97-a4cb-2d9aff78a91e}</UniqueIdentifier>
      <Extensions>ico;cur;bmp;dlg;rc2;rct;bin;rgs;gif;jpg;jpeg;jpe</Extensions>
    </Filter>
    <Filter Include="tinyXml">
      <UniqueIdentifier>{f1f8f0e9-7820-4fc8-b3bf-71874a29ac38}</UniqueIdentifier>
    </Filter>
  </ItemGroup>
  <ItemGroup>
    <ClCompile Include="myweb.cpp">
      <Filter>Source Files</Filter>
    </ClCompile>
    <ClCompile Include="mywebDlg.cpp">
      <Filter>Source Files</Filter>
    </ClCompile>
    <ClCompile Include="StdAfx.cpp">
      <Filter>Source Files</Filter>
    </ClCompile>
    <ClCompile Include="webbrowser.cpp">
      <Filter>Source Files</Filter>
    </ClCompile>
    <ClCompile Include="webbrowser2.cpp">
      <Filter>Source Files</Filter>
    </ClCompile>
    <ClCompile Include="Configuration.cpp">
      <Filter>tinyXml</Filter>
    </ClCompile>
    <ClCompile Include="tinyXml\tinystr.cpp">
      <Filter>tinyXml</Filter>
    </ClCompile>
    <ClCompile Include="tinyXml\tinyxml.cpp">
      <Filter>tinyXml</Filter>
    </ClCompile>
    <ClCompile Include="tinyXml\tinyxmlerror.cpp">
      <Filter>tinyXml</Filter>
    </ClCompile>
    <ClCompile Include="tinyXml\tinyxmlparser.cpp">
      <Filter>tinyXml</Filter>
    </ClCompile>
  </ItemGroup>
  <ItemGroup>
    <ResourceCompile Include="myweb.rc">
      <Filter>Source Files</Filter>
    </ResourceCompile>
  </ItemGroup>
  <ItemGroup>
    <ClInclude Include="myweb.h">
      <Filter>Header Files</Filter>
    </ClInclude>
    <ClInclude Include="mywebDlg.h">
      <Filter>Header Files</Filter>
    </ClInclude>
    <ClInclude Include="Resource.h">
      <Filter>Header Files</Filter>
    </ClInclude>
    <ClInclude Include="StdAfx.h">
      <Filter>Header Files</Filter>
    </ClInclude>
    <ClInclude Include="str_int.h">
      <Filter>Header Files</Filter>
    </ClInclude>
    <ClInclude Include="webbrowser.h">
      <Filter>Header Files</Filter>
    </ClInclude>
    <ClInclude Include="webbrowser2.h">
      <Filter>Header Files</Filter>
    </ClInclude>
    <ClInclude Include="Configuration.h">
      <Filter>tinyXml</Filter>
    </ClInclude>
    <ClInclude Include="tinyXml\tinystr.h">
      <Filter>tinyXml</Filter>
    </ClInclude>
    <ClInclude Include="tinyXml\tinyxml.h">
      <Filter>tinyXml</Filter>
    </ClInclude>
  </ItemGroup>
  <ItemGroup>
    <None Include="res\myweb.ico">
      <Filter>Resource Files</Filter>
    </None>
    <None Include="res\myweb.rc2">
      <Filter>Resource Files</Filter>
    </None>
    <None Include="ReadMe.txt" />
  </ItemGroup>
</Project>